
Microsoft Visual Studio Solution File, Format Version 12.00
# Visual Studio Version 17
VisualStudioVersion = 17.2.32616.157
MinimumVisualStudioVersion = 10.0.40219.1
Project("{8BC9CEB8-8B4A-11D0-8D11-00A0C91BC942}") = "cppm-hw-8.1", "cppm-hw-8.1\cppm-hw-8.1.vcxproj", "{7344A92C-158A-412A-8F1F-639B3734BBC1}"
EndProject
Project("{8BC9CEB8-8B4A-11D0-8D11-00A0C91BC942}") = "cppm-hw-8.2", "cppm-hw-8.2\cppm-hw-8.2.vcxproj", "{D0702005-AEE5-4AF8-8B12-BB6180574860}"
EndProject
Global
	GlobalSection(SolutionConfigurationPlatforms) = preSolution
		Debug|x64 = Debug|x64
		Debug|x86 = Debug|x86
		Release|x64 = Release|x64
		Release|x86 = Release|x86
	EndGlobalSection
	GlobalSection(ProjectConfigurationPlatforms) = postSolution
		{7344A92C-158A-412A-8F1F-639B3734BBC1}.Debug|x64.ActiveCfg = Debug|x64
		{7344A92C-158A-412A-8F1F-639B3734BBC1}.Debug|x64.Build.0 = Debug|x64
		{7344A92C-158A-412A-8F1F-639B3734BBC1}.Debug|x86.ActiveCfg = Debug|Win32
		{7344A92C-158A-412A-8F1F-639B3734BBC1}.Debug|x86.Build.0 = Debug|Win32
		{7344A92C-158A-412A-8F1F-639B3734BBC1}.Release|x64.ActiveCfg = Release|x64
		{7344A92C-158A-412A-8F1F-639B3734BBC1}.Release|x64.Build.0 = Release|x64
		{7344A92C-158A-412A-8F1F-639B3734BBC1}.Release|x86.ActiveCfg = Release|Win32
		{7344A92C-158A-412A-8F1F-639B3734BBC1}.Release|x86.Build.0 = Release|Win32
		{D0702005-AEE5-4AF8-8B12-BB6180574860}.Debug|x64.ActiveCfg = Debug|x64
		{D0702005-AEE5-4AF8-8B12-BB6180574860}.Debug|x64.Build.0 = Debug|x64
		{D0702005-AEE5-4AF8-8B12-BB6180574860}.Debug|x86.ActiveCfg = Debug|Win32
		{D0702005-AEE5-4AF8-8B12-BB6180574860}.Debug|x86.Build.0 = Debug|Win32
		{D0702005-AEE5-4AF8-8B12-BB6180574860}.Release|x64.ActiveCfg = Release|x64
		{D0702005-AEE5-4AF8-8B12-BB6180574860}.Release|x64.Build.0 = Release|x64
		{D0702005-AEE5-4AF8-8B12-BB6180574860}.Release|x86.ActiveCfg = Release|Win32
		{D0702005-AEE5-4AF8-8B12-BB6180574860}.Release|x86.Build.0 = Release|Win32
	EndGlobalSection
	GlobalSection(SolutionProperties) = preSolution
		HideSolutionNode = FALSE
	EndGlobalSection
	GlobalSection(ExtensibilityGlobals) = postSolution
		SolutionGuid = {CEE480B5-0D45-4226-8347-C36D48498B2D}
	EndGlobalSection
EndGlobal
